// !$*UTF8*$!
{
	archiveVersion = 1;
	classes = {
	};
	objectVersion = 56;
	objects = {

/* Begin PBXBuildFile section */
		AD73DB362997A46F003845EB /* AppDelegate.swift in Sources */ = {isa = PBXBuildFile; fileRef = AD73DB352997A46F003845EB /* AppDelegate.swift */; };
		AD73DB382997A46F003845EB /* SceneDelegate.swift in Sources */ = {isa = PBXBuildFile; fileRef = AD73DB372997A46F003845EB /* SceneDelegate.swift */; };
		AD73DB3A2997A46F003845EB /* StartViewController.swift in Sources */ = {isa = PBXBuildFile; fileRef = AD73DB392997A46F003845EB /* StartViewController.swift */; };
		AD73DB3F2997A470003845EB /* Assets.xcassets in Resources */ = {isa = PBXBuildFile; fileRef = AD73DB3E2997A470003845EB /* Assets.xcassets */; };
		AD73DB422997A470003845EB /* LaunchScreen.storyboard in Resources */ = {isa = PBXBuildFile; fileRef = AD73DB402997A470003845EB /* LaunchScreen.storyboard */; };
		ADE926C6299920E4003ADE53 /* InternshipViewController.swift in Sources */ = {isa = PBXBuildFile; fileRef = ADE926C5299920E4003ADE53 /* InternshipViewController.swift */; };
		ADE926C82999217C003ADE53 /* InternshipCollectionView.swift in Sources */ = {isa = PBXBuildFile; fileRef = ADE926C72999217C003ADE53 /* InternshipCollectionView.swift */; };
		ADE926CA2999219C003ADE53 /* InternshipCollectionViewCell.swift in Sources */ = {isa = PBXBuildFile; fileRef = ADE926C92999219C003ADE53 /* InternshipCollectionViewCell.swift */; };
		ADE926CC29992FC5003ADE53 /* Constants.swift in Sources */ = {isa = PBXBuildFile; fileRef = ADE926CB29992FC5003ADE53 /* Constants.swift */; };
/* End PBXBuildFile section */

/* Begin PBXFileReference section */
		AD73DB322997A46F003845EB /* SurfInternshipApp.app */ = {isa = PBXFileReference; explicitFileType = wrapper.application; includeInIndex = 0; path = SurfInternshipApp.app; sourceTree = BUILT_PRODUCTS_DIR; };
		AD73DB352997A46F003845EB /* AppDelegate.swift */ = {isa = PBXFileReference; lastKnownFileType = sourcecode.swift; path = AppDelegate.swift; sourceTree = "<group>"; };
		AD73DB372997A46F003845EB /* SceneDelegate.swift */ = {isa = PBXFileReference; lastKnownFileType = sourcecode.swift; path = SceneDelegate.swift; sourceTree = "<group>"; };
		AD73DB392997A46F003845EB /* StartViewController.swift */ = {isa = PBXFileReference; lastKnownFileType = sourcecode.swift; path = StartViewController.swift; sourceTree = "<group>"; };
		AD73DB3E2997A470003845EB /* Assets.xcassets */ = {isa = PBXFileReference; lastKnownFileType = folder.assetcatalog; path = Assets.xcassets; sourceTree = "<group>"; };
		AD73DB412997A470003845EB /* Base */ = {isa = PBXFileReference; lastKnownFileType = file.storyboard; name = Base; path = Base.lproj/LaunchScreen.storyboard; sourceTree = "<group>"; };
		AD73DB432997A470003845EB /* Info.plist */ = {isa = PBXFileReference; lastKnownFileType = text.plist.xml; path = Info.plist; sourceTree = "<group>"; };
		ADE926C5299920E4003ADE53 /* InternshipViewController.swift */ = {isa = PBXFileReference; lastKnownFileType = sourcecode.swift; path = InternshipViewController.swift; sourceTree = "<group>"; };
		ADE926C72999217C003ADE53 /* InternshipCollectionView.swift */ = {isa = PBXFileReference; lastKnownFileType = sourcecode.swift; path = InternshipCollectionView.swift; sourceTree = "<group>"; };
		ADE926C92999219C003ADE53 /* InternshipCollectionViewCell.swift */ = {isa = PBXFileReference; lastKnownFileType = sourcecode.swift; path = InternshipCollectionViewCell.swift; sourceTree = "<group>"; };
		ADE926CB29992FC5003ADE53 /* Constants.swift */ = {isa = PBXFileReference; lastKnownFileType = sourcecode.swift; path = Constants.swift; sourceTree = "<group>"; };
/* End PBXFileReference section */

/* Begin PBXFrameworksBuildPhase section */
		AD73DB2F2997A46F003845EB /* Frameworks */ = {
			isa = PBXFrameworksBuildPhase;
			buildActionMask = 2147483647;
			files = (
			);
			runOnlyForDeploymentPostprocessing = 0;
		};
/* End PBXFrameworksBuildPhase section */

/* Begin PBXGroup section */
		AD73DB292997A46F003845EB = {
			isa = PBXGroup;
			children = (
				AD73DB342997A46F003845EB /* SurfInternshipApp */,
				AD73DB332997A46F003845EB /* Products */,
			);
			sourceTree = "<group>";
		};
		AD73DB332997A46F003845EB /* Products */ = {
			isa = PBXGroup;
			children = (
				AD73DB322997A46F003845EB /* SurfInternshipApp.app */,
			);
			name = Products;
			sourceTree = "<group>";
		};
		AD73DB342997A46F003845EB /* SurfInternshipApp */ = {
			isa = PBXGroup;
			children = (
				ADE926EE29998920003ADE53 /* App */,
				ADE926ED29998903003ADE53 /* ViewControllersViewControllers */,
				ADE926F029998938003ADE53 /* Resources */,
				ADE926EF29998929003ADE53 /* Storyboards */,
			);
			path = SurfInternshipApp;
			sourceTree = "<group>";
		};
		ADE926ED29998903003ADE53 /* ViewControllersViewControllers */ = {
			isa = PBXGroup;
			children = (
				AD73DB392997A46F003845EB /* StartViewController.swift */,
				ADE926C5299920E4003ADE53 /* InternshipViewController.swift */,
				ADE926C72999217C003ADE53 /* InternshipCollectionView.swift */,
				ADE926C92999219C003ADE53 /* InternshipCollectionViewCell.swift */,
			);
			path = ViewControllersViewControllers;
			sourceTree = "<group>";
		};
		ADE926EE29998920003ADE53 /* App */ = {
			isa = PBXGroup;
			children = (
				AD73DB352997A46F003845EB /* AppDelegate.swift */,
				AD73DB372997A46F003845EB /* SceneDelegate.swift */,
				AD73DB432997A470003845EB /* Info.plist */,
			);
			path = App;
			sourceTree = "<group>";
		};
		ADE926EF29998929003ADE53 /* Storyboards */ = {
			isa = PBXGroup;
			children = (
				AD73DB402997A470003845EB /* LaunchScreen.storyboard */,
			);
			path = Storyboards;
			sourceTree = "<group>";
		};
		ADE926F029998938003ADE53 /* Resources */ = {
			isa = PBXGroup;
			children = (
				ADE926CB29992FC5003ADE53 /* Constants.swift */,
				AD73DB3E2997A470003845EB /* Assets.xcassets */,
			);
			path = Resources;
			sourceTree = "<group>";
		};
/* End PBXGroup section */

/* Begin PBXNativeTarget section */
		AD73DB312997A46F003845EB /* SurfInternshipApp */ = {
			isa = PBXNativeTarget;
			buildConfigurationList = AD73DB462997A470003845EB /* Build configuration list for PBXNativeTarget "SurfInternshipApp" */;
			buildPhases = (
				AD73DB2E2997A46F003845EB /* Sources */,
				AD73DB2F2997A46F003845EB /* Frameworks */,
				AD73DB302997A46F003845EB /* Resources */,
			);
			buildRules = (
			);
			dependencies = (
			);
			name = SurfInternshipApp;
			productName = SurfInternshipApp;
			productReference = AD73DB322997A46F003845EB /* SurfInternshipApp.app */;
			productType = "com.apple.product-type.application";
		};
/* End PBXNativeTarget section */

/* Begin PBXProject section */
		AD73DB2A2997A46F003845EB /* Project object */ = {
			isa = PBXProject;
			attributes = {
				BuildIndependentTargetsInParallel = 1;
				LastSwiftUpdateCheck = 1420;
				LastUpgradeCheck = 1420;
				TargetAttributes = {
					AD73DB312997A46F003845EB = {
						CreatedOnToolsVersion = 14.2;
					};
				};
			};
			buildConfigurationList = AD73DB2D2997A46F003845EB /* Build configuration list for PBXProject "SurfInternshipApp" */;
			compatibilityVersion = "Xcode 14.0";
			developmentRegion = en;
			hasScannedForEncodings = 0;
			knownRegions = (
				en,
				Base,
			);
			mainGroup = AD73DB292997A46F003845EB;
			productRefGroup = AD73DB332997A46F003845EB /* Products */;
			projectDirPath = "";
			projectRoot = "";
			targets = (
				AD73DB312997A46F003845EB /* SurfInternshipApp */,
			);
		};
/* End PBXProject section */

/* Begin PBXResourcesBuildPhase section */
		AD73DB302997A46F003845EB /* Resources */ = {
			isa = PBXResourcesBuildPhase;
			buildActionMask = 2147483647;
			files = (
				AD73DB422997A470003845EB /* LaunchScreen.storyboard in Resources */,
				AD73DB3F2997A470003845EB /* Assets.xcassets in Resources */,
			);
			runOnlyForDeploymentPostprocessing = 0;
		};
/* End PBXResourcesBuildPhase section */

/* Begin PBXSourcesBuildPhase section */
		AD73DB2E2997A46F003845EB /* Sources */ = {
			isa = PBXSourcesBuildPhase;
			buildActionMask = 2147483647;
			files = (
				ADE926C6299920E4003ADE53 /* InternshipViewController.swift in Sources */,
				AD73DB3A2997A46F003845EB /* StartViewController.swift in Sources */,
				ADE926CA2999219C003ADE53 /* InternshipCollectionViewCell.swift in Sources */,
				ADE926C82999217C003ADE53 /* InternshipCollectionView.swift in Sources */,
				ADE926CC29992FC5003ADE53 /* Constants.swift in Sources */,
				AD73DB362997A46F003845EB /* AppDelegate.swift in Sources */,
				AD73DB382997A46F003845EB /* SceneDelegate.swift in Sources */,
			);
			runOnlyForDeploymentPostprocessing = 0;
		};
/* End PBXSourcesBuildPhase section */

/* Begin PBXVariantGroup section */
		AD73DB402997A470003845EB /* LaunchScreen.storyboard */ = {
			isa = PBXVariantGroup;
			children = (
				AD73DB412997A470003845EB /* Base */,
			);
			name = LaunchScreen.storyboard;
			sourceTree = "<group>";
		};
/* End PBXVariantGroup section */

/* Begin XCBuildConfiguration section */
		AD73DB442997A470003845EB /* Debug */ = {
			isa = XCBuildConfiguration;
			buildSettings = {
				ALWAYS_SEARCH_USER_PATHS = NO;
				CLANG_ANALYZER_NONNULL = YES;
				CLANG_ANALYZER_NUMBER_OBJECT_CONVERSION = YES_AGGRESSIVE;
				CLANG_CXX_LANGUAGE_STANDARD = "gnu++20";
				CLANG_ENABLE_MODULES = YES;
				CLANG_ENABLE_OBJC_ARC = YES;
				CLANG_ENABLE_OBJC_WEAK = YES;
				CLANG_WARN_BLOCK_CAPTURE_AUTORELEASING = YES;
				CLANG_WARN_BOOL_CONVERSION = YES;
				CLANG_WARN_COMMA = YES;
				CLANG_WARN_CONSTANT_CONVERSION = YES;
				CLANG_WARN_DEPRECATED_OBJC_IMPLEMENTATIONS = YES;
				CLANG_WARN_DIRECT_OBJC_ISA_USAGE = YES_ERROR;
				CLANG_WARN_DOCUMENTATION_COMMENTS = YES;
				CLANG_WARN_EMPTY_BODY = YES;
				CLANG_WARN_ENUM_CONVERSION = YES;
				CLANG_WARN_INFINITE_RECURSION = YES;
				CLANG_WARN_INT_CONVERSION = YES;
				CLANG_WARN_NON_LITERAL_NULL_CONVERSION = YES;
				CLANG_WARN_OBJC_IMPLICIT_RETAIN_SELF = YES;
				CLANG_WARN_OBJC_LITERAL_CONVERSION = YES;
				CLANG_WARN_OBJC_ROOT_CLASS = YES_ERROR;
				CLANG_WARN_QUOTED_INCLUDE_IN_FRAMEWORK_HEADER = YES;
				CLANG_WARN_RANGE_LOOP_ANALYSIS = YES;
				CLANG_WARN_STRICT_PROTOTYPES = YES;
				CLANG_WARN_SUSPICIOUS_MOVE = YES;
				CLANG_WARN_UNGUARDED_AVAILABILITY = YES_AGGRESSIVE;
				CLANG_WARN_UNREACHABLE_CODE = YES;
				CLANG_WARN__DUPLICATE_METHOD_MATCH = YES;
				COPY_PHASE_STRIP = NO;
				DEBUG_INFORMATION_FORMAT = dwarf;
				ENABLE_STRICT_OBJC_MSGSEND = YES;
				ENABLE_TESTABILITY = YES;
				GCC_C_LANGUAGE_STANDARD = gnu11;
				GCC_DYNAMIC_NO_PIC = NO;
				GCC_NO_COMMON_BLOCKS = YES;
				GCC_OPTIMIZATION_LEVEL = 0;
				GCC_PREPROCESSOR_DEFINITIONS = (
					"DEBUG=1",
					"$(inherited)",
				);
				GCC_WARN_64_TO_32_BIT_CONVERSION = YES;
				GCC_WARN_ABOUT_RETURN_TYPE = YES_ERROR;
				GCC_WARN_UNDECLARED_SELECTOR = YES;
				GCC_WARN_UNINITIALIZED_AUTOS = YES_AGGRESSIVE;
				GCC_WARN_UNUSED_FUNCTION = YES;
				GCC_WARN_UNUSED_VARIABLE = YES;
				IPHONEOS_DEPLOYMENT_TARGET = 16.2;
				MTL_ENABLE_DEBUG_INFO = INCLUDE_SOURCE;
				MTL_FAST_MATH = YES;
				ONLY_ACTIVE_ARCH = YES;
				SDKROOT = iphoneos;
				SWIFT_ACTIVE_COMPILATION_CONDITIONS = DEBUG;
				SWIFT_OPTIMIZATION_LEVEL = "-Onone";
			};
			name = Debug;
		};
		AD73DB452997A470003845EB /* Release */ = {
			isa = XCBuildConfiguration;
			buildSettings = {
				ALWAYS_SEARCH_USER_PATHS = NO;
				CLANG_ANALYZER_NONNULL = YES;
				CLANG_ANALYZER_NUMBER_OBJECT_CONVERSION = YES_AGGRESSIVE;
				CLANG_CXX_LANGUAGE_STANDARD = "gnu++20";
				CLANG_ENABLE_MODULES = YES;
				CLANG_ENABLE_OBJC_ARC = YES;
				CLANG_ENABLE_OBJC_WEAK = YES;
				CLANG_WARN_BLOCK_CAPTURE_AUTORELEASING = YES;
				CLANG_WARN_BOOL_CONVERSION = YES;
				CLANG_WARN_COMMA = YES;
				CLANG_WARN_CONSTANT_CONVERSION = YES;
				CLANG_WARN_DEPRECATED_OBJC_IMPLEMENTATIONS = YES;
				CLANG_WARN_DIRECT_OBJC_ISA_USAGE = YES_ERROR;
				CLANG_WARN_DOCUMENTATION_COMMENTS = YES;
				CLANG_WARN_EMPTY_BODY = YES;
				CLANG_WARN_ENUM_CONVERSION = YES;
				CLANG_WARN_INFINITE_RECURSION = YES;
				CLANG_WARN_INT_CONVERSION = YES;
				CLANG_WARN_NON_LITERAL_NULL_CONVERSION = YES;
				CLANG_WARN_OBJC_IMPLICIT_RETAIN_SELF = YES;
				CLANG_WARN_OBJC_LITERAL_CONVERSION = YES;
				CLANG_WARN_OBJC_ROOT_CLASS = YES_ERROR;
				CLANG_WARN_QUOTED_INCLUDE_IN_FRAMEWORK_HEADER = YES;
				CLANG_WARN_RANGE_LOOP_ANALYSIS = YES;
				CLANG_WARN_STRICT_PROTOTYPES = YES;
				CLANG_WARN_SUSPICIOUS_MOVE = YES;
				CLANG_WARN_UNGUARDED_AVAILABILITY = YES_AGGRESSIVE;
				CLANG_WARN_UNREACHABLE_CODE = YES;
				CLANG_WARN__DUPLICATE_METHOD_MATCH = YES;
				COPY_PHASE_STRIP = NO;
				DEBUG_INFORMATION_FORMAT = "dwarf-with-dsym";
				ENABLE_NS_ASSERTIONS = NO;
				ENABLE_STRICT_OBJC_MSGSEND = YES;
				GCC_C_LANGUAGE_STANDARD = gnu11;
				GCC_NO_COMMON_BLOCKS = YES;
				GCC_WARN_64_TO_32_BIT_CONVERSION = YES;
				GCC_WARN_ABOUT_RETURN_TYPE = YES_ERROR;
				GCC_WARN_UNDECLARED_SELECTOR = YES;
				GCC_WARN_UNINITIALIZED_AUTOS = YES_AGGRESSIVE;
				GCC_WARN_UNUSED_FUNCTION = YES;
				GCC_WARN_UNUSED_VARIABLE = YES;
				IPHONEOS_DEPLOYMENT_TARGET = 16.2;
				MTL_ENABLE_DEBUG_INFO = NO;
				MTL_FAST_MATH = YES;
				SDKROOT = iphoneos;
				SWIFT_COMPILATION_MODE = wholemodule;
				SWIFT_OPTIMIZATION_LEVEL = "-O";
				VALIDATE_PRODUCT = YES;
			};
			name = Release;
		};
		AD73DB472997A470003845EB /* Debug */ = {
			isa = XCBuildConfiguration;
			buildSettings = {
				ASSETCATALOG_COMPILER_APPICON_NAME = AppIcon;
				ASSETCATALOG_COMPILER_GLOBAL_ACCENT_COLOR_NAME = AccentColor;
				CODE_SIGN_STYLE = Automatic;
				CURRENT_PROJECT_VERSION = 1;
				GENERATE_INFOPLIST_FILE = YES;
				INFOPLIST_FILE = SurfInternshipApp/App/Info.plist;
				INFOPLIST_KEY_UIApplicationSupportsIndirectInputEvents = YES;
				INFOPLIST_KEY_UILaunchStoryboardName = LaunchScreen;
				INFOPLIST_KEY_UISupportedInterfaceOrientations = UIInterfaceOrientationPortrait;
				LD_RUNPATH_SEARCH_PATHS = (
					"$(inherited)",
					"@executable_path/Frameworks",
				);
				MARKETING_VERSION = 1.0;
				PRODUCT_BUNDLE_IDENTIFIER = "igor-popov.SurfInternshipApp";
				PRODUCT_NAME = "$(TARGET_NAME)";
				SWIFT_EMIT_LOC_STRINGS = YES;
				SWIFT_VERSION = 5.0;
				TARGETED_DEVICE_FAMILY = "1,2";
			};
			name = Debug;
		};
		AD73DB482997A470003845EB /* Release */ = {
			isa = XCBuildConfiguration;
			buildSettings = {
				ASSETCATALOG_COMPILER_APPICON_NAME = AppIcon;
				ASSETCATALOG_COMPILER_GLOBAL_ACCENT_COLOR_NAME = AccentColor;
				CODE_SIGN_STYLE = Automatic;
				CURRENT_PROJECT_VERSION = 1;
				GENERATE_INFOPLIST_FILE = YES;
				INFOPLIST_FILE = SurfInternshipApp/App/Info.plist;
				INFOPLIST_KEY_UIApplicationSupportsIndirectInputEvents = YES;
				INFOPLIST_KEY_UILaunchStoryboardName = LaunchScreen;
				INFOPLIST_KEY_UISupportedInterfaceOrientations = UIInterfaceOrientationPortrait;
				LD_RUNPATH_SEARCH_PATHS = (
					"$(inherited)",
					"@executable_path/Frameworks",
				);
				MARKETING_VERSION = 1.0;
				PRODUCT_BUNDLE_IDENTIFIER = "igor-popov.SurfInternshipApp";
				PRODUCT_NAME = "$(TARGET_NAME)";
				SWIFT_EMIT_LOC_STRINGS = YES;
				SWIFT_VERSION = 5.0;
				TARGETED_DEVICE_FAMILY = "1,2";
			};
			name = Release;
		};
/* End XCBuildConfiguration section */

/* Begin XCConfigurationList section */
		AD73DB2D2997A46F003845EB /* Build configuration list for PBXProject "SurfInternshipApp" */ = {
			isa = XCConfigurationList;
			buildConfigurations = (
				AD73DB442997A470003845EB /* Debug */,
				AD73DB452997A470003845EB /* Release */,
			);
			defaultConfigurationIsVisible = 0;
			defaultConfigurationName = Release;
		};
		AD73DB462997A470003845EB /* Build configuration list for PBXNativeTarget "SurfInternshipApp" */ = {
			isa = XCConfigurationList;
			buildConfigurations = (
				AD73DB472997A470003845EB /* Debug */,
				AD73DB482997A470003845EB /* Release */,
			);
			defaultConfigurationIsVisible = 0;
			defaultConfigurationName = Release;
		};
/* End XCConfigurationList section */
	};
	rootObject = AD73DB2A2997A46F003845EB /* Project object */;
}
